# This file is autogenerated, do not edit; changes may be undone by the next 'dep ensure'.


[[projects]]
  digest = "1:86c6dda16f88db55a4cd461bf566dadd1db62d95c69b6a939b07a13cd66f3ac8"
  name = "cloud.google.com/go"
  packages = ["compute/metadata"]
  pruneopts = "T"
  revision = "d96ccb2ba7586bb79a416471882d347754a78ce5"
  version = "v0.53.0"

[[projects]]
  digest = "1:4d6a73adae775c98d76788bda13840f121294d19f7e0c83591f87ec5c6745cd5"
  name = "github.com/Azure/go-autorest"
  packages = [
    "autorest",
    "autorest/adal",
    "autorest/azure",
    "autorest/date",
    "logger",
    "tracing",
  ]
  pruneopts = "T"
  revision = "2368760b211997f3c5dd61e85e8665a523a09247"
  version = "v14.0.0"

[[projects]]
  digest = "1:26b8413f679cfec4c3a12f6597c8656f070587c8274c7a1a25bbea5eef716d46"
  name = "github.com/beorn7/perks"
  packages = ["quantile"]
  pruneopts = "T"
  revision = "37c8de3658fcb183f997c4e13e8337516ab753e6"
  version = "v1.0.1"

[[projects]]
  digest = "1:9f42202ac457c462ad8bb9642806d275af9ab4850cf0b1960b9c6f083d4a309a"
  name = "github.com/davecgh/go-spew"
  packages = ["spew"]
  pruneopts = "T"
  revision = "8991bc29aa16c548c550c7ff78260e27b9ab7c73"
  version = "v1.1.1"

[[projects]]
  digest = "1:6b014c67cb522566c30ef02116f9acb50cd60954708cf92c6654e2985696db18"
  name = "github.com/dgrijalva/jwt-go"
  packages = ["."]
  pruneopts = "T"
  revision = "06ea1031745cb8b3dab3f6a236daf2b0aa468b7e"
  version = "v3.2.0"

[[projects]]
  digest = "1:6d318e0b9503ec5e0b4b19a2deb2a022aa8ee971bbca2d703d5335713bc35a9e"
  name = "github.com/emicklei/go-restful"
  packages = [
    ".",
    "log",
  ]
  pruneopts = "T"
  revision = "a2fa14558f9a828f859fcad1d5c824437d7d4388"
  version = "v2.11.2"

[[projects]]
  digest = "1:f9a456e75f573aa4a51bfae6ae4ad238eaaaf327c442c87062ab9d002aa071ff"
  name = "github.com/evanphx/json-patch"
  packages = ["."]
  pruneopts = "T"
  revision = "bf22ed9311622d93e213ba31e4ae7a5771e5d379"
  version = "v4.6.0"

[[projects]]
  digest = "1:7835391f2d6181706ac6767021cb48016ffeeac5350d99cc3b69abb21cdfea22"
  name = "github.com/fatih/color"
  packages = ["."]
  pruneopts = "T"
  revision = "daf2830f2741ebb735b21709a520c5f37d642d85"
  version = "v1.9.0"

[[projects]]
  digest = "1:6c280b44782900265b0827ceb9a7f9982dd15f183f05107b73cc06c65c8dc5b6"
  name = "github.com/go-logr/glogr"
  packages = ["."]
  pruneopts = "T"
  revision = "03aa3c3200582c33f271f63ba3ae7d23abb9e699"
  version = "v0.1.0"

[[projects]]
  digest = "1:65587005c6fa4293c0b8a2e457e689df7fda48cc5e1f5449ea2c1e7784551558"
  name = "github.com/go-logr/logr"
  packages = ["."]
  pruneopts = "T"
  revision = "9fb12b3b21c5415d16ac18dc5cd42c1cfdd40c4e"
  version = "v0.1.0"

[[projects]]
  digest = "1:d81dfed1aa731d8e4a45d87154ec15ef18da2aa80fa9a2f95bec38577a244a99"
  name = "github.com/go-logr/zapr"
  packages = ["."]
  pruneopts = "T"
  revision = "03f06a783fbb7dfaf3f629c7825480e43a7105e6"
  version = "v0.1.1"

[[projects]]
  digest = "1:732a5d1779a864055dfcaa46deb1e7bea9b4de4f29eead5b44309893cf5f75b5"
  name = "github.com/gobuffalo/flect"
  packages = ["."]
  pruneopts = "T"
  revision = "7a04ff140e0fd2ea77adfd5b8bd2b0c80ab739a9"
  version = "v0.2.1"

[[projects]]
  digest = "1:6ba54872416168c7f2a8349a681f919ead947cacde2d8e663dfbafeeaf13b17a"
  name = "github.com/gogo/protobuf"
  packages = [
    "proto",
    "sortkeys",
  ]
  pruneopts = "T"
  revision = "5628607bb4c51c3157aacc3a50f0ab707582b805"
  version = "v1.3.1"

[[projects]]
  branch = "master"
  digest = "1:1ba1d79f2810270045c328ae5d674321db34e3aae468eb4233883b473c5c0467"
  name = "github.com/golang/glog"
  packages = ["."]
  pruneopts = "T"
  revision = "23def4e6c14b4da8ac2ed8007337bc5eb5007998"

[[projects]]
  branch = "master"
  digest = "1:e12b13fc80e2fe638545bdf2468388fafd34d3060ffd8672cca60573ca3e5d99"
  name = "github.com/golang/groupcache"
  packages = ["lru"]
  pruneopts = "T"
  revision = "8c9f03a8e57eb486e42badaed3fb287da51807ba"

[[projects]]
  digest = "1:cedd95b62d5db5043d6ea04b8384e02d1b03dc721b103cd9262da9857f2b0712"
  name = "github.com/golang/protobuf"
  packages = [
    "proto",
    "ptypes",
    "ptypes/any",
    "ptypes/duration",
    "ptypes/timestamp",
  ]
  pruneopts = "T"
  revision = "5d5b4c10bd43f85e63bd9e4a3fa9b1ea2ef88af2"
  version = "v1.3.4"

[[projects]]
  digest = "1:402b1d4bf57579e638d036f89bf3268126c6390a9165030c9b0e2ac1623168ee"
  name = "github.com/google/go-cmp"
  packages = [
    "cmp",
    "cmp/internal/diff",
    "cmp/internal/flags",
    "cmp/internal/function",
    "cmp/internal/value",
  ]
  pruneopts = "T"
  revision = "5a6f75716e1203a923a78c9efb94089d857df0f6"
  version = "v0.4.0"

[[projects]]
  digest = "1:a840b166971a2e76fcc4fbafaa181ea109b92d461e7f9b608a49b70be2765bac"
  name = "github.com/google/gofuzz"
  packages = ["."]
  pruneopts = "T"
  revision = "db92cf7ae75e4a7a28abc005addab2b394362888"
  version = "v1.1.0"

[[projects]]
  digest = "1:582b704bebaa06b48c29b0cec224a6058a09c86883aaddabde889cd1a5f73e1b"
  name = "github.com/google/uuid"
  packages = ["."]
  pruneopts = "T"
  revision = "0cd6bf5da1e1c83f8b45653022c74f71af0538a4"
  version = "v1.1.1"

[[projects]]
  digest = "1:d68abd5f684509f6a953de2d27f86d5c5b8ccdfa011877d64b93b29463024563"
  name = "github.com/googleapis/gnostic"
  packages = [
    "OpenAPIv2",
    "compiler",
    "extensions",
  ]
  pruneopts = "T"
  revision = "99384834bf8c58ce7ab88db353283bedcb53e1ca"
  version = "v0.4.0"

[[projects]]
  digest = "1:32bff661ca1c6bfd1a96a20867b583483fc4f7fc938ffc07f08f3192968f17aa"
  name = "github.com/gophercloud/gophercloud"
  packages = [
    ".",
    "openstack",
    "openstack/identity/v2/tenants",
    "openstack/identity/v2/tokens",
    "openstack/identity/v3/tokens",
    "openstack/utils",
    "pagination",
  ]
  pruneopts = "T"
  revision = "21353468abed58d85242df15e1be5339ba985662"
  version = "v0.8.0"

[[projects]]
  digest = "1:e631368e174090a276fc00b48283f92ac4ccfbbb1945bcfcee083f5f9210dc00"
  name = "github.com/hashicorp/golang-lru"
  packages = [
    ".",
    "simplelru",
  ]
  pruneopts = "T"
  revision = "14eae340515388ca95aa8e7b86f0de668e981f54"
  version = "v0.5.4"

[[projects]]
  digest = "1:8f20c8dd713564fa97299fbcb77d729c6de9c33f3222812a76e6ecfaef80fd61"
  name = "github.com/hpcloud/tail"
  packages = [
    ".",
    "ratelimiter",
    "util",
    "watch",
    "winfile",
  ]
  pruneopts = "T"
  revision = "a30252cb686a21eb2d0b98132633053ec2f7f1e5"
  version = "v1.0.0"

[[projects]]
  digest = "1:49bffe4727ccf519b336889636d18e0cb4360b296afe0284e7799af6b8dd8187"
  name = "github.com/imdario/mergo"
  packages = ["."]
  pruneopts = "T"
  revision = "1afb36080aec31e0d1528973ebe6721b191b0369"
  version = "v0.3.8"

[[projects]]
  digest = "1:870d441fe217b8e689d7949fef6e43efbc787e50f200cb1e70dbca9204a1d6be"
  name = "github.com/inconshreveable/mousetrap"
  packages = ["."]
  pruneopts = "T"
  revision = "76626ae9c91c4f2a10f34cad8ce83ea42c93bb75"
  version = "v1.0"

[[projects]]
  digest = "1:1e5d8fd04f72d46575b44341578192f5a473c23301262c8ea9867bd2f4130687"
  name = "github.com/json-iterator/go"
  packages = ["."]
  pruneopts = "T"
  revision = "acfec88f7a0d5140ace3dcdbee10184e3684a9e1"
  version = "v1.1.9"

[[projects]]
  branch = "controller-platform"
  digest = "1:b3d1d9f131d1e368af28b268782da9885bd963b2f13d15496ca4b7531b0259bd"
  name = "github.com/kubernetes-sigs/kubebuilder"
  packages = [
    ".",
    "pkg/client",
    "pkg/config",
    "pkg/ctrl",
    "pkg/ctrl/common",
    "pkg/ctrl/event",
    "pkg/ctrl/eventhandler",
    "pkg/ctrl/inject",
    "pkg/ctrl/predicate",
    "pkg/ctrl/reconcile",
    "pkg/ctrl/source",
    "pkg/ctrl/source/internal",
    "pkg/informer",
    "pkg/install",
    "pkg/log",
    "pkg/test",
  ]
  pruneopts = "T"
  revision = "29bccabffb065deea1c4cb3273313b615996588a"

[[projects]]
  digest = "1:ae449c6fe2de2c59c6c449d45c43d6dbc818f4501cacd2dd6d7b679c25c3c08b"
  name = "github.com/mattn/go-colorable"
  packages = ["."]
  pruneopts = "T"
  revision = "68e95eba382c972aafde02ead2cd2426a8a92480"
  version = "v0.1.6"

[[projects]]
  digest = "1:7a42645bfd802bb87392720f2e400178bb5c2da645e6ff57b2bebd5b9565b5d3"
  name = "github.com/mattn/go-isatty"
  packages = ["."]
  pruneopts = "T"
  revision = "7b513a986450394f7bbf1476909911b3aa3a55ce"
  version = "v0.0.12"

[[projects]]
  digest = "1:a8e3d14801bed585908d130ebfc3b925ba642208e6f30d879437ddfc7bb9b413"
  name = "github.com/matttproud/golang_protobuf_extensions"
  packages = ["pbutil"]
  pruneopts = "T"
  revision = "c12348ce28de40eed0136aa2b644d0ee0650e56c"
  version = "v1.0.1"

[[projects]]
  digest = "1:33422d238f147d247752996a26574ac48dcf472976eda7f5134015f06bf16563"
  name = "github.com/modern-go/concurrent"
  packages = ["."]
  pruneopts = "T"
  revision = "bacd9c7ef1dd9b15be4a9909b8ac7a4e313eec94"
  version = "1.0.3"

[[projects]]
  digest = "1:e32bdbdb7c377a07a9a46378290059822efdce5c8d96fe71940d87cb4f918855"
  name = "github.com/modern-go/reflect2"
  packages = ["."]
  pruneopts = "T"
  revision = "4b7aa43c6742a2c18fdef89dd197aaae7dac7ccd"
  version = "1.0.1"

[[projects]]
  digest = "1:91d15418951c9362a34215ad7ba74084a25b1a348d063c896efcc150f2db4669"
  name = "github.com/onsi/ginkgo"
  packages = [
    ".",
    "config",
    "internal/codelocation",
    "internal/containernode",
    "internal/failer",
    "internal/leafnodes",
    "internal/remote",
    "internal/spec",
    "internal/spec_iterator",
    "internal/specrunner",
    "internal/suite",
    "internal/testingtproxy",
    "internal/writer",
    "reporters",
    "reporters/stenographer",
    "reporters/stenographer/support/go-colorable",
    "reporters/stenographer/support/go-isatty",
    "types",
  ]
  pruneopts = "T"
  revision = "40598150331533e3cd497f21dcce387dae84b561"
  version = "v1.12.0"

[[projects]]
  digest = "1:db52274baba60db6730f422ebe95f646f823c7283682d667fc5a2fd7d7d81205"
  name = "github.com/onsi/gomega"
  packages = [
    ".",
    "format",
    "gbytes",
    "gexec",
    "internal/assertion",
    "internal/asyncassertion",
    "internal/oraclematcher",
    "internal/testingtsupport",
    "matchers",
    "matchers/support/goraph/bipartitegraph",
    "matchers/support/goraph/edge",
    "matchers/support/goraph/node",
    "matchers/support/goraph/util",
    "types",
  ]
  pruneopts = "T"
  revision = "6be6c439588487cd908a3a700795660c2a16dfec"
  version = "v1.9.0"

[[projects]]
  digest = "1:9e1d37b58d17113ec3cb5608ac0382313c5b59470b94ed97d0976e69c7022314"
  name = "github.com/pkg/errors"
  packages = ["."]
  pruneopts = "T"
  revision = "614d223910a179a466c1767a985424175c39b465"
  version = "v0.9.1"

[[projects]]
  digest = "1:f187ccbea8a6ab650f2a9a7ad613008f634a64a289e2707fe21f16c3d634f311"
  name = "github.com/prometheus/client_golang"
  packages = [
    "prometheus",
    "prometheus/internal",
    "prometheus/promhttp",
  ]
  pruneopts = "T"
  revision = "170205fb58decfd011f1550d4cfb737230d7ae4f"
  version = "v1.1.0"

[[projects]]
  digest = "1:ade2df4d865299d2b042955eb4fdd9d60698b26cf3da10f1138a9bfefe9cd2c6"
  name = "github.com/prometheus/client_model"
  packages = ["go"]
  pruneopts = "T"
  revision = "7bc5445566f0fe75b15de23e6b93886e982d7bf9"
  version = "v0.2.0"

[[projects]]
  digest = "1:cfa0caa7e2b2dda500b42c0546d7614aea8cf2cc52f2b527efb1ec107443fafb"
  name = "github.com/prometheus/common"
  packages = [
    "expfmt",
    "internal/bitbucket.org/ww/goautoneg",
    "model",
  ]
  pruneopts = "T"
  revision = "d978bcb1309602d68bb4ba69cf3f8ed900e07308"
  version = "v0.9.1"

[[projects]]
  digest = "1:3737c5d4e4f7329d852c606ede57f28f1ad27184cdf73c462448c6dda5e53e71"
  name = "github.com/prometheus/procfs"
  packages = [
    ".",
    "internal/fs",
    "internal/util",
  ]
  pruneopts = "T"
  revision = "4850c197847aa06aecc37570077fc16e9215d565"
  version = "v0.0.10"

[[projects]]
  digest = "1:244a8a9144b7fb1ebca42433c5a48c786c217cbf5021c93dd371a784fee09293"
  name = "github.com/spf13/cobra"
  packages = ["."]
  pruneopts = "T"
  revision = "0da06874266c88228b8f14615396a1f6bfc90ed7"
  version = "v0.0.6"

[[projects]]
  digest = "1:b9ab7e761cae4fe0e7d82fff001e2cb618d30ce5d9129bb074ebf1d847791bde"
  name = "github.com/spf13/pflag"
  packages = ["."]
  pruneopts = "T"
  revision = "2e9d26c8c37aae03e3f9d4e90b7116f5accb7cab"
  version = "v1.0.5"

[[projects]]
  branch = "features/structed"
  digest = "1:19503ec0923842d0a1cfab1d0fbc01713e0f37dab593100de2812687103903b2"
  name = "github.com/thockin/logr"
  packages = [
    ".",
    "impls/zaplogr",
    "testing",
  ]
  pruneopts = "T"
  revision = "087cf386d618a79ac96d86ba65fa7d0c44fce2a3"
  source = "https://github.com/directxman12/logr.git"

[[projects]]
  digest = "1:d6588ab26608161256034741a78b929660bd966f5d6ac677c9c83ed25bb12101"
  name = "go.uber.org/atomic"
  packages = ["."]
  pruneopts = "T"
  revision = "845920076a298bdb984fb0f1b86052e4ca0a281c"
  version = "v1.6.0"

[[projects]]
  digest = "1:a23ddd39502ba94e2a72815a946d0edec801defcf0a0c0530d04acee1f455128"
  name = "go.uber.org/multierr"
  packages = ["."]
  pruneopts = "T"
  revision = "b587143a48b62b01d337824eab43700af6ffe222"
  version = "v1.5.0"

[[projects]]
  digest = "1:e1d279760779b10a32b2c6d6f437f2eb0004096d660cb9616074fff2891a3ece"
  name = "go.uber.org/zap"
  packages = [
    ".",
    "buffer",
    "internal/bufferpool",
    "internal/color",
    "internal/exit",
    "zapcore",
  ]
  pruneopts = "T"
  revision = "c89bd3c833f56cad3bc6dfa104b9c6d144526145"
  version = "v1.14.0"

[[projects]]
  branch = "master"
  digest = "1:c11f77b67dca20f5b56de1a984631105f170859d7d0271b3cf2b6c84a8be8063"
  name = "golang.org/x/crypto"
  packages = ["ssh/terminal"]
  pruneopts = "T"
  revision = "78000ba7a073cafc0278790f6bce552a0f25850e"

[[projects]]
  branch = "master"
  digest = "1:e6f286d6754e7e69b1afadc2bab9936dd8eb71e1b424da1217589759c80a9970"
  name = "golang.org/x/lint"
  packages = [
    ".",
    "golint",
  ]
  pruneopts = "T"
  revision = "738671d3881b9731cc63024d5d88cf28db875626"

[[projects]]
  digest = "1:4cd3892cbc3893669c64385b6eddc17e6bd6e4ea316b19cfffd0bf0602fb3a9d"
  name = "golang.org/x/mod"
  packages = [
    "module",
    "semver",
  ]
  pruneopts = "T"
  revision = "ed3ec21bb8e252814c380df79a80f366440ddb2d"
  version = "v0.2.0"

[[projects]]
  branch = "master"
  digest = "1:dab87d9faa31d20d3fed70f5e5359db3f4929e800c3cc1b8e9863b2c7d002b33"
  name = "golang.org/x/net"
  packages = [
    "context",
    "context/ctxhttp",
    "html",
    "html/atom",
    "html/charset",
    "http/httpguts",
    "http2",
    "http2/hpack",
    "idna",
  ]
  pruneopts = "T"
  revision = "244492dfa37ae2ce87222fd06250a03160745faa"

[[projects]]
  branch = "master"
  digest = "1:7d5bea2d22449d1ac632da2852329cfae6eeabd921bc32f50571fb13567b3b91"
  name = "golang.org/x/oauth2"
  packages = [
    ".",
    "google",
    "internal",
    "jws",
    "jwt",
  ]
  pruneopts = "T"
  revision = "bf48bf16ab8d622ce64ec6ce98d2c98f916b6303"

[[projects]]
  branch = "master"
  digest = "1:85cd50ff41bc0ef9a9fa6654bcba702d021d99dfbecb716579ebb2e9162db955"
  name = "golang.org/x/sys"
  packages = [
    "unix",
    "windows",
  ]
  pruneopts = "T"
  revision = "5c8b2ff67527cb88b770f693cebf3799036d8bc0"

[[projects]]
  digest = "1:0a6103b1dc59b52f7e64a491b398b854c0fcaacde43c25ce468610a64311b72d"
  name = "golang.org/x/text"
  packages = [
    "collate",
    "collate/build",
    "encoding",
    "encoding/charmap",
    "encoding/htmlindex",
    "encoding/internal",
    "encoding/internal/identifier",
    "encoding/japanese",
    "encoding/korean",
    "encoding/simplifiedchinese",
    "encoding/traditionalchinese",
    "encoding/unicode",
    "internal/colltab",
    "internal/gen",
    "internal/language",
    "internal/language/compact",
    "internal/tag",
    "internal/triegen",
    "internal/ucd",
    "internal/utf8internal",
    "language",
    "runes",
    "secure/bidirule",
    "transform",
    "unicode/bidi",
    "unicode/cldr",
    "unicode/norm",
    "unicode/rangetable",
  ]
  pruneopts = "T"
  revision = "342b2e1fbaa52c93f31447ad2c6abc048c63e475"
  version = "v0.3.2"

[[projects]]
  branch = "master"
  digest = "1:96dd012cd7da881306c3788acf3e1d6e9cbaab84edc71fc822e63eb8c44beb63"
  name = "golang.org/x/time"
  packages = ["rate"]
  pruneopts = "T"
  revision = "555d28b269f0569763d25dbe1a237ae74c6bcc82"

[[projects]]
  branch = "master"
  digest = "1:ba5a7fa26bebb2b1a0d03b3578b5ddd86393d0535cf3e2e1fe3cbf0b54d76172"
  name = "golang.org/x/tools"
  packages = [
    "go/ast/astutil",
    "go/gcexportdata",
    "go/internal/gcimporter",
    "go/internal/packagesdriver",
    "go/packages",
    "go/types/typeutil",
    "imports",
    "internal/fastwalk",
    "internal/gocommand",
    "internal/gopathwalk",
    "internal/imports",
    "internal/packagesinternal",
  ]
  pruneopts = "T"
  revision = "9b52d559c6099a25c1e7b2b4b3d14a51a3463215"

[[projects]]
  branch = "master"
  digest = "1:918a46e4a2fb83df33f668f5a6bd51b2996775d073fce1800d3ec01b0a5ddd2b"
  name = "golang.org/x/xerrors"
  packages = [
    ".",
    "internal",
  ]
  pruneopts = "T"
  revision = "9bdfabe68543c54f90421aeb9a60ef8061b5b544"

[[projects]]
  digest = "1:9dea41a1cd0df7d69dc3c4fdee628f34f50a296558ffed20bcd226a0e1edb0fd"
  name = "gomodules.xyz/jsonpatch"
  packages = ["v2"]
  pruneopts = "T"
  revision = "1c2a0262323edc27502942d9727c95646b1c3cbe"
  version = "v2.1.0"

[[projects]]
  digest = "1:1ac5e79c6e170a365f8acb717c51139370e7309c54e796aa63f97e80cbc365b6"
  name = "google.golang.org/appengine"
  packages = [
    ".",
    "internal",
    "internal/app_identity",
    "internal/base",
    "internal/datastore",
    "internal/log",
    "internal/modules",
    "internal/remote_api",
    "internal/urlfetch",
    "urlfetch",
  ]
  pruneopts = "T"
  revision = "971852bfffca25b069c31162ae8f247a3dba083b"
  version = "v1.6.5"

[[projects]]
  digest = "1:7fc160b460a6fc506b37fcca68332464c3f2cd57b6e3f111f26c5bbfd2d5518e"
  name = "gopkg.in/fsnotify.v1"
  packages = ["."]
  pruneopts = "T"
  revision = "c2828203cd70a50dcccfb2761f8b1f8ceef9a8e9"
  source = "https://github.com/fsnotify/fsnotify.git"
  version = "v1.4.7"

[[projects]]
  digest = "1:2d1fbdc6777e5408cabeb02bf336305e724b925ff4546ded0fa8715a7267922a"
  name = "gopkg.in/inf.v0"
  packages = ["."]
  pruneopts = "T"
  revision = "d2d2541c53f18d2a059457998ce2876cc8e67cbf"
  version = "v0.9.1"

[[projects]]
  branch = "v1"
  digest = "1:0caa92e17bc0b65a98c63e5bc76a9e844cd5e56493f8fdbb28fad101a16254d9"
  name = "gopkg.in/tomb.v1"
  packages = ["."]
  pruneopts = "T"
  revision = "dd632973f1e7218eb1089048e0798ec9ae7dceb8"

[[projects]]
  digest = "1:55b110c99c5fdc4f14930747326acce56b52cfce60b24b1c03ef686ac0e46bb1"
  name = "gopkg.in/yaml.v2"
  packages = ["."]
  pruneopts = "T"
  revision = "53403b58ad1b561927d19068c655246f2db79d48"
  version = "v2.2.8"

[[projects]]
  branch = "v3"
  digest = "1:5dd84ad9c8f79cb5380860f4197f1d68e2427aab6d899a11e975029e97d5c626"
  name = "gopkg.in/yaml.v3"
  packages = ["."]
  pruneopts = "T"
  revision = "a6ecf24a6d716d933bcbc255a2f5d492285b54f5"

[[projects]]
  digest = "1:ca7cda307ba81de08d6f448cb5a52a30ad604650f16df8f5cbdc0fb25af4a8a1"
  name = "k8s.io/api"
  packages = [
    "admission/v1beta1",
    "admissionregistration/v1",
    "admissionregistration/v1beta1",
    "apps/v1",
    "apps/v1beta1",
    "apps/v1beta2",
    "auditregistration/v1alpha1",
    "authentication/v1",
    "authentication/v1beta1",
    "authorization/v1",
    "authorization/v1beta1",
    "autoscaling/v1",
    "autoscaling/v2beta1",
    "autoscaling/v2beta2",
    "batch/v1",
    "batch/v1beta1",
    "batch/v2alpha1",
    "certificates/v1beta1",
    "coordination/v1",
    "coordination/v1beta1",
    "core/v1",
    "discovery/v1alpha1",
    "discovery/v1beta1",
    "events/v1beta1",
    "extensions/v1beta1",
    "flowcontrol/v1alpha1",
    "networking/v1",
    "networking/v1beta1",
    "node/v1alpha1",
    "node/v1beta1",
    "policy/v1beta1",
    "rbac/v1",
    "rbac/v1alpha1",
    "rbac/v1beta1",
    "scheduling/v1",
    "scheduling/v1alpha1",
    "scheduling/v1beta1",
    "settings/v1alpha1",
    "storage/v1",
    "storage/v1alpha1",
    "storage/v1beta1",
  ]
  pruneopts = "T"
  revision = "ef0cd3ac5f239dcd07b58dc7f6f0698d7aa74efd"
  version = "kubernetes-1.17.3"

[[projects]]
  digest = "1:04eabd4fdf839208dca0a1eae49cc1fe7c4618fbcb19f50b48f885969bf14ef7"
  name = "k8s.io/apiextensions-apiserver"
  packages = [
    "pkg/apis/apiextensions",
    "pkg/apis/apiextensions/v1",
    "pkg/apis/apiextensions/v1beta1",
    "pkg/client/clientset/clientset",
    "pkg/client/clientset/clientset/scheme",
    "pkg/client/clientset/clientset/typed/apiextensions/v1",
    "pkg/client/clientset/clientset/typed/apiextensions/v1beta1",
  ]
  pruneopts = "T"
  revision = "ee42d6166f481443ff2894b657bc866d6145d3aa"
  version = "kubernetes-1.17.3"

[[projects]]
  digest = "1:4403949d51282e512c2d479be84a75abd7187e067a50ab7872ba8618cf4fdf15"
  name = "k8s.io/apimachinery"
  packages = [
    "pkg/api/equality",
    "pkg/api/errors",
    "pkg/api/meta",
    "pkg/api/resource",
    "pkg/apis/meta/internalversion",
    "pkg/apis/meta/v1",
    "pkg/apis/meta/v1/unstructured",
    "pkg/apis/meta/v1beta1",
    "pkg/conversion",
    "pkg/conversion/queryparams",
    "pkg/fields",
    "pkg/labels",
    "pkg/runtime",
    "pkg/runtime/schema",
    "pkg/runtime/serializer",
    "pkg/runtime/serializer/json",
    "pkg/runtime/serializer/protobuf",
    "pkg/runtime/serializer/recognizer",
    "pkg/runtime/serializer/streaming",
    "pkg/runtime/serializer/versioning",
    "pkg/selection",
    "pkg/types",
    "pkg/util/cache",
    "pkg/util/clock",
    "pkg/util/diff",
    "pkg/util/errors",
    "pkg/util/framer",
    "pkg/util/intstr",
    "pkg/util/json",
    "pkg/util/mergepatch",
    "pkg/util/naming",
    "pkg/util/net",
    "pkg/util/runtime",
    "pkg/util/sets",
    "pkg/util/strategicpatch",
    "pkg/util/uuid",
    "pkg/util/validation",
    "pkg/util/validation/field",
    "pkg/util/wait",
    "pkg/util/yaml",
    "pkg/version",
    "pkg/watch",
    "third_party/forked/golang/json",
    "third_party/forked/golang/reflect",
  ]
  pruneopts = "T"
  revision = "731dcecc205498f52a21b12e311af095efb4b188"
  version = "kubernetes-1.17.3"

[[projects]]
  digest = "1:612a2b50bc3eb604bfae4234624f185b7be5fdd54c62076e91335e92e8eff55b"
  name = "k8s.io/client-go"
  packages = [
    "discovery",
    "dynamic",
    "informers",
    "informers/admissionregistration",
    "informers/admissionregistration/v1",
    "informers/admissionregistration/v1beta1",
    "informers/apps",
    "informers/apps/v1",
    "informers/apps/v1beta1",
    "informers/apps/v1beta2",
    "informers/auditregistration",
    "informers/auditregistration/v1alpha1",
    "informers/autoscaling",
    "informers/autoscaling/v1",
    "informers/autoscaling/v2beta1",
    "informers/autoscaling/v2beta2",
    "informers/batch",
    "informers/batch/v1",
    "informers/batch/v1beta1",
    "informers/batch/v2alpha1",
    "informers/certificates",
    "informers/certificates/v1beta1",
    "informers/coordination",
    "informers/coordination/v1",
    "informers/coordination/v1beta1",
    "informers/core",
    "informers/core/v1",
    "informers/discovery",
    "informers/discovery/v1alpha1",
    "informers/discovery/v1beta1",
    "informers/events",
    "informers/events/v1beta1",
    "informers/extensions",
    "informers/extensions/v1beta1",
    "informers/flowcontrol",
    "informers/flowcontrol/v1alpha1",
    "informers/internalinterfaces",
    "informers/networking",
    "informers/networking/v1",
    "informers/networking/v1beta1",
    "informers/node",
    "informers/node/v1alpha1",
    "informers/node/v1beta1",
    "informers/policy",
    "informers/policy/v1beta1",
    "informers/rbac",
    "informers/rbac/v1",
    "informers/rbac/v1alpha1",
    "informers/rbac/v1beta1",
    "informers/scheduling",
    "informers/scheduling/v1",
    "informers/scheduling/v1alpha1",
    "informers/scheduling/v1beta1",
    "informers/settings",
    "informers/settings/v1alpha1",
    "informers/storage",
    "informers/storage/v1",
    "informers/storage/v1alpha1",
    "informers/storage/v1beta1",
    "kubernetes",
    "kubernetes/scheme",
    "kubernetes/typed/admissionregistration/v1",
    "kubernetes/typed/admissionregistration/v1beta1",
    "kubernetes/typed/apps/v1",
    "kubernetes/typed/apps/v1beta1",
    "kubernetes/typed/apps/v1beta2",
    "kubernetes/typed/auditregistration/v1alpha1",
    "kubernetes/typed/authentication/v1",
    "kubernetes/typed/authentication/v1beta1",
    "kubernetes/typed/authorization/v1",
    "kubernetes/typed/authorization/v1beta1",
    "kubernetes/typed/autoscaling/v1",
    "kubernetes/typed/autoscaling/v2beta1",
    "kubernetes/typed/autoscaling/v2beta2",
    "kubernetes/typed/batch/v1",
    "kubernetes/typed/batch/v1beta1",
    "kubernetes/typed/batch/v2alpha1",
    "kubernetes/typed/certificates/v1beta1",
    "kubernetes/typed/coordination/v1",
    "kubernetes/typed/coordination/v1beta1",
    "kubernetes/typed/core/v1",
    "kubernetes/typed/discovery/v1alpha1",
    "kubernetes/typed/discovery/v1beta1",
    "kubernetes/typed/events/v1beta1",
    "kubernetes/typed/extensions/v1beta1",
    "kubernetes/typed/flowcontrol/v1alpha1",
    "kubernetes/typed/networking/v1",
    "kubernetes/typed/networking/v1beta1",
    "kubernetes/typed/node/v1alpha1",
    "kubernetes/typed/node/v1beta1",
    "kubernetes/typed/policy/v1beta1",
    "kubernetes/typed/rbac/v1",
    "kubernetes/typed/rbac/v1alpha1",
    "kubernetes/typed/rbac/v1beta1",
    "kubernetes/typed/scheduling/v1",
    "kubernetes/typed/scheduling/v1alpha1",
    "kubernetes/typed/scheduling/v1beta1",
    "kubernetes/typed/settings/v1alpha1",
    "kubernetes/typed/storage/v1",
    "kubernetes/typed/storage/v1alpha1",
    "kubernetes/typed/storage/v1beta1",
    "listers/admissionregistration/v1",
    "listers/admissionregistration/v1beta1",
    "listers/apps/v1",
    "listers/apps/v1beta1",
    "listers/apps/v1beta2",
    "listers/auditregistration/v1alpha1",
    "listers/autoscaling/v1",
    "listers/autoscaling/v2beta1",
    "listers/autoscaling/v2beta2",
    "listers/batch/v1",
    "listers/batch/v1beta1",
    "listers/batch/v2alpha1",
    "listers/certificates/v1beta1",
    "listers/coordination/v1",
    "listers/coordination/v1beta1",
    "listers/core/v1",
    "listers/discovery/v1alpha1",
    "listers/discovery/v1beta1",
    "listers/events/v1beta1",
    "listers/extensions/v1beta1",
    "listers/flowcontrol/v1alpha1",
    "listers/networking/v1",
    "listers/networking/v1beta1",
    "listers/node/v1alpha1",
    "listers/node/v1beta1",
    "listers/policy/v1beta1",
    "listers/rbac/v1",
    "listers/rbac/v1alpha1",
    "listers/rbac/v1beta1",
    "listers/scheduling/v1",
    "listers/scheduling/v1alpha1",
    "listers/scheduling/v1beta1",
    "listers/settings/v1alpha1",
    "listers/storage/v1",
    "listers/storage/v1alpha1",
    "listers/storage/v1beta1",
    "pkg/apis/clientauthentication",
    "pkg/apis/clientauthentication/v1alpha1",
    "pkg/apis/clientauthentication/v1beta1",
    "pkg/version",
    "plugin/pkg/client/auth",
    "plugin/pkg/client/auth/azure",
    "plugin/pkg/client/auth/exec",
    "plugin/pkg/client/auth/gcp",
    "plugin/pkg/client/auth/oidc",
    "plugin/pkg/client/auth/openstack",
    "rest",
    "rest/watch",
    "restmapper",
    "third_party/forked/golang/template",
    "tools/auth",
    "tools/cache",
    "tools/clientcmd",
    "tools/clientcmd/api",
    "tools/clientcmd/api/latest",
    "tools/clientcmd/api/v1",
    "tools/leaderelection",
    "tools/leaderelection/resourcelock",
    "tools/metrics",
    "tools/pager",
    "tools/record",
    "tools/record/util",
    "tools/reference",
    "transport",
    "util/cert",
    "util/connrotation",
    "util/flowcontrol",
    "util/homedir",
    "util/jsonpath",
    "util/keyutil",
    "util/retry",
    "util/workqueue",
  ]
  pruneopts = "T"
  revision = "ae93ed28af1516427c76ef4e784b9ba231664e0f"
  version = "kubernetes-1.17.3"

[[projects]]
  digest = "1:bbef9e84cb20ea8c86261d1487c5bf35f0f6f391d70ffcde1103f82694862563"
  name = "k8s.io/code-generator"
  packages = [
    "cmd/client-gen",
    "cmd/client-gen/args",
    "cmd/client-gen/generators",
    "cmd/client-gen/generators/fake",
    "cmd/client-gen/generators/scheme",
    "cmd/client-gen/generators/util",
    "cmd/client-gen/path",
    "cmd/client-gen/types",
    "cmd/deepcopy-gen",
    "cmd/deepcopy-gen/args",
    "pkg/namer",
    "pkg/util",
  ]
  pruneopts = "T"
  revision = "4ae19cfe9b46bf48d232c065a9078d1dff3de06c"
  version = "v0.17.3"

[[projects]]
  branch = "master"
  digest = "1:95f24892cf02881350308ba5f9eb0d959ec019051fa3fe68c88fe4459ab4b56f"
  name = "k8s.io/gengo"
  packages = [
    "args",
    "examples/deepcopy-gen/generators",
    "examples/set-gen/sets",
    "generator",
    "namer",
    "parser",
    "types",
  ]
  pruneopts = "T"
  revision = "e0e292d8aa122d458174e1bef5f142b4d0a67a05"

[[projects]]
  digest = "1:0089eb5716d8d63b65ed0d807c33a7200fe5b2370ac2550af6016ae285fd976d"
  name = "k8s.io/klog"
  packages = ["."]
  pruneopts = "T"
  revision = "2ca9ad30301bf30a8a6e0fa2110db6b8df699a91"
  version = "v1.0.0"

[[projects]]
  digest = "1:9751b1d2c603ea028d352d20b463dab4e96a170041728f5f06e26aeacc531b31"
  name = "k8s.io/kube-aggregator"
  packages = [
    "pkg/apis/apiregistration",
    "pkg/apis/apiregistration/v1",
    "pkg/apis/apiregistration/v1beta1",
    "pkg/client/clientset_generated/clientset/scheme",
    "pkg/client/clientset_generated/clientset/typed/apiregistration/v1beta1",
  ]
  pruneopts = "T"
  revision = "868b252459694d5e765eb1f329a2718bee9a4159"
  version = "kubernetes-1.17.3"

[[projects]]
  branch = "master"
  digest = "1:cb2828ed30a6745a53a7199fc963fb7d0d5e254fe29858924cf0aeb04bc0e575"
  name = "k8s.io/kube-openapi"
  packages = ["pkg/util/proto"]
  pruneopts = "T"
  revision = "addea2498afe5a6d58f8bdcd9ae51363d12f12ef"

[[projects]]
  branch = "master"
  digest = "1:a1e39aa96d99710affa03ab3e50b8fc4cbb4d1261e311ecbc7cb66be6a0bd1fe"
  name = "k8s.io/utils"
  packages = [
    "buffer",
    "integer",
    "pointer",
    "trace",
  ]
  pruneopts = "T"
  revision = "0a110f9eb7ab662220ed640640f50c4be9b6b485"

[[projects]]
  digest = "1:4856d2702bbba121fbad8ccc06d250013087aaa032181663df10cea61271bc0a"
  name = "sigs.k8s.io/controller-runtime"
  packages = [
    "pkg/cache",
    "pkg/cache/internal",
    "pkg/client",
    "pkg/client/apiutil",
    "pkg/client/config",
    "pkg/controller",
    "pkg/envtest",
    "pkg/event",
    "pkg/handler",
    "pkg/healthz",
    "pkg/internal/controller",
    "pkg/internal/controller/metrics",
    "pkg/internal/log",
    "pkg/internal/recorder",
    "pkg/internal/testing/integration",
    "pkg/internal/testing/integration/addr",
    "pkg/internal/testing/integration/internal",
    "pkg/leaderelection",
    "pkg/log",
    "pkg/log/zap",
    "pkg/manager",
    "pkg/manager/signals",
    "pkg/metrics",
    "pkg/predicate",
    "pkg/reconcile",
    "pkg/recorder",
    "pkg/runtime/inject",
    "pkg/runtime/log",
    "pkg/runtime/signals",
    "pkg/source",
    "pkg/source/internal",
    "pkg/webhook",
    "pkg/webhook/admission",
    "pkg/webhook/internal/certwatcher",
    "pkg/webhook/internal/metrics",
  ]
  pruneopts = "T"
  revision = "0fcf28efebc9a977c954f00d40af966d6a4aeae3"
  version = "v0.5.0"

[[projects]]
  digest = "1:bfd59d927ab0ef451f48dff9b7e188cd70a1d07a26fbfb17dd5a998bbe05a27a"
  name = "sigs.k8s.io/controller-tools"
  packages = [
    "cmd/controller-gen",
    "pkg/crd",
    "pkg/crd/markers",
    "pkg/deepcopy",
    "pkg/genall",
    "pkg/genall/help",
    "pkg/genall/help/pretty",
    "pkg/loader",
    "pkg/markers",
    "pkg/rbac",
    "pkg/schemapatcher",
    "pkg/schemapatcher/internal/yaml",
    "pkg/version",
    "pkg/webhook",
  ]
  pruneopts = "T"
  revision = "2bc3f5eb99cc72cc15775c1f3314cba8c1093627"
  version = "v0.2.5"

[[projects]]
  digest = "1:c6ef6ae046bf1c7229134843797666947a68dca57b842d3956c135915b7791a0"
  name = "sigs.k8s.io/testing_frameworks"
  packages = [
    "integration",
    "integration/addr",
    "integration/internal",
  ]
  pruneopts = "T"
  revision = "c7087048c932a346b910a2240f3a053e544eb352"
  version = "v0.1.2"

[[projects]]
  digest = "1:36d2b2cb1fa6e4a731e38c3582c203213cdbc52c5f202af07db6dc6eeaec88dc"
  name = "sigs.k8s.io/yaml"
  packages = ["."]
  pruneopts = "T"
  revision = "9fc95527decd95bb9d28cc2eab08179b2d0f6971"
  version = "v1.2.0"

[solve-meta]
  analyzer-name = "dep"
  analyzer-version = 1
  input-imports = [
    "github.com/emicklei/go-restful",
    "github.com/go-logr/glogr",
    "github.com/kubernetes-sigs/kubebuilder",
    "github.com/kubernetes-sigs/kubebuilder/pkg/test",
    "github.com/onsi/ginkgo",
    "github.com/onsi/ginkgo/config",
    "github.com/onsi/ginkgo/reporters",
    "github.com/onsi/gomega",
    "github.com/onsi/gomega/types",
    "github.com/prometheus/client_golang/prometheus",
    "github.com/spf13/pflag",
    "k8s.io/api/apps/v1",
    "k8s.io/api/core/v1",
    "k8s.io/apiextensions-apiserver/pkg/apis/apiextensions/v1beta1",
    "k8s.io/apimachinery/pkg/api/errors",
    "k8s.io/apimachinery/pkg/api/meta",
    "k8s.io/apimachinery/pkg/apis/meta/v1",
    "k8s.io/apimachinery/pkg/runtime",
    "k8s.io/apimachinery/pkg/types",
    "k8s.io/client-go/kubernetes/scheme",
    "k8s.io/client-go/plugin/pkg/client/auth",
    "k8s.io/client-go/rest",
    "k8s.io/client-go/tools/record",
    "k8s.io/code-generator/cmd/client-gen",
    "k8s.io/code-generator/cmd/deepcopy-gen",
    "sigs.k8s.io/controller-runtime/pkg/client",
    "sigs.k8s.io/controller-runtime/pkg/client/config",
    "sigs.k8s.io/controller-runtime/pkg/controller",
    "sigs.k8s.io/controller-runtime/pkg/envtest",
    "sigs.k8s.io/controller-runtime/pkg/handler",
    "sigs.k8s.io/controller-runtime/pkg/manager",
    "sigs.k8s.io/controller-runtime/pkg/metrics",
    "sigs.k8s.io/controller-runtime/pkg/reconcile",
    "sigs.k8s.io/controller-runtime/pkg/runtime/log",
    "sigs.k8s.io/controller-runtime/pkg/runtime/signals",
    "sigs.k8s.io/controller-runtime/pkg/source",
    "sigs.k8s.io/controller-tools/cmd/controller-gen",
    "sigs.k8s.io/testing_frameworks/integration",
  ]
  solver-name = "gps-cdcl"
  solver-version = 1
